
Microsoft Visual Studio Solution File, Format Version 12.00
# Visual Studio Version 16
VisualStudioVersion = 16.0.29926.136
MinimumVisualStudioVersion = 10.0.40219.1
Project("{FAE04EC0-301F-11D3-BF4B-00C04F79EFBC}") = "B2CUserManagement", "B2CUserManagement\B2CUserManagement.csproj", "{1BA4D40C-368A-48F0-99F7-FA81EF573BED}"
EndProject
Global
	GlobalSection(SolutionConfigurationPlatforms) = preSolution
		Debug|Any CPU = Debug|Any CPU
		Release|Any CPU = Release|Any CPU
	EndGlobalSection
	GlobalSection(ProjectConfigurationPlatforms) = postSolution
		{1BA4D40C-368A-48F0-99F7-FA81EF573BED}.Debug|Any CPU.ActiveCfg = Debug|Any CPU
		{1BA4D40C-368A-48F0-99F7-FA81EF573BED}.Debug|Any CPU.Build.0 = Debug|Any CPU
		{1BA4D40C-368A-48F0-99F7-FA81EF573BED}.Release|Any CPU.ActiveCfg = Release|Any CPU
		{1BA4D40C-368A-48F0-99F7-FA81EF573BED}.Release|Any CPU.Build.0 = Release|Any CPU
	EndGlobalSection
	GlobalSection(SolutionProperties) = preSolution
		HideSolutionNode = FALSE
	EndGlobalSection
	GlobalSection(ExtensibilityGlobals) = postSolution
		SolutionGuid = {CBD8130F-8726-478E-B78C-435E6D2C1622}
	EndGlobalSection
EndGlobal
